
Microsoft Visual Studio Solution File, Format Version 12.00
# Visual Studio 15
VisualStudioVersion = 15.0.26730.16
MinimumVisualStudioVersion = 10.0.40219.1
Project("{FAE04EC0-301F-11D3-BF4B-00C04F79EFBC}") = "UMGame", "UMGame\UMGame.csproj", "{D816D236-2942-452B-861B-5235885DBBDD}"
EndProject
Project("{FAE04EC0-301F-11D3-BF4B-00C04F79EFBC}") = "UMGame.Library", "UMGame.Library\UMGame.Library.csproj", "{5F8962F0-BC50-47C3-A0AD-2F95C5659CEA}"
EndProject
Project("{FAE04EC0-301F-11D3-BF4B-00C04F79EFBC}") = "UMGame.Library.Tests", "UMGame.Library.Tests\UMGame.Library.Tests.csproj", "{D91EAED3-0664-4427-80CC-743D35EEEB1F}"
EndProject
Global
	GlobalSection(SolutionConfigurationPlatforms) = preSolution
		Debug|Any CPU = Debug|Any CPU
		Release|Any CPU = Release|Any CPU
	EndGlobalSection
	GlobalSection(ProjectConfigurationPlatforms) = postSolution
		{D816D236-2942-452B-861B-5235885DBBDD}.Debug|Any CPU.ActiveCfg = Debug|Any CPU
		{D816D236-2942-452B-861B-5235885DBBDD}.Debug|Any CPU.Build.0 = Debug|Any CPU
		{D816D236-2942-452B-861B-5235885DBBDD}.Release|Any CPU.ActiveCfg = Release|Any CPU
		{D816D236-2942-452B-861B-5235885DBBDD}.Release|Any CPU.Build.0 = Release|Any CPU
		{5F8962F0-BC50-47C3-A0AD-2F95C5659CEA}.Debug|Any CPU.ActiveCfg = Debug|Any CPU
		{5F8962F0-BC50-47C3-A0AD-2F95C5659CEA}.Debug|Any CPU.Build.0 = Debug|Any CPU
		{5F8962F0-BC50-47C3-A0AD-2F95C5659CEA}.Release|Any CPU.ActiveCfg = Release|Any CPU
		{5F8962F0-BC50-47C3-A0AD-2F95C5659CEA}.Release|Any CPU.Build.0 = Release|Any CPU
		{D91EAED3-0664-4427-80CC-743D35EEEB1F}.Debug|Any CPU.ActiveCfg = Debug|Any CPU
		{D91EAED3-0664-4427-80CC-743D35EEEB1F}.Debug|Any CPU.Build.0 = Debug|Any CPU
		{D91EAED3-0664-4427-80CC-743D35EEEB1F}.Release|Any CPU.ActiveCfg = Release|Any CPU
		{D91EAED3-0664-4427-80CC-743D35EEEB1F}.Release|Any CPU.Build.0 = Release|Any CPU
	EndGlobalSection
	GlobalSection(SolutionProperties) = preSolution
		HideSolutionNode = FALSE
	EndGlobalSection
	GlobalSection(ExtensibilityGlobals) = postSolution
		SolutionGuid = {C87C2A4E-230D-4E50-A8B3-B3004889F812}
	EndGlobalSection
EndGlobal
